
Microsoft Visual Studio Solution File, Format Version 12.00
# Visual Studio Version 17
VisualStudioVersion = 17.8.34316.72
MinimumVisualStudioVersion = 10.0.40219.1
Project("{9A19103F-16F7-4668-BE54-9A1E7A4F7556}") = "BlazorMultiApp", "BlazorMultiApp\BlazorMultiApp.csproj", "{28E04102-7832-4463-A875-6E202EAF023E}"
EndProject
Project("{9A19103F-16F7-4668-BE54-9A1E7A4F7556}") = "BlazorMultiApp.Client", "BlazorMultiApp.Client\BlazorMultiApp.Client.csproj", "{C112780C-E97E-40FC-86E3-E3F438600E73}"
EndProject
Project("{9A19103F-16F7-4668-BE54-9A1E7A4F7556}") = "Constants", "..\Constants\Constants.csproj", "{923B799E-4FAA-423F-9892-AE39C2E4C8F2}"
EndProject
Global
	GlobalSection(SolutionConfigurationPlatforms) = preSolution
		Debug|Any CPU = Debug|Any CPU
		Release|Any CPU = Release|Any CPU
	EndGlobalSection
	GlobalSection(ProjectConfigurationPlatforms) = postSolution
		{28E04102-7832-4463-A875-6E202EAF023E}.Debug|Any CPU.ActiveCfg = Debug|Any CPU
		{28E04102-7832-4463-A875-6E202EAF023E}.Debug|Any CPU.Build.0 = Debug|Any CPU
		{28E04102-7832-4463-A875-6E202EAF023E}.Release|Any CPU.ActiveCfg = Release|Any CPU
		{28E04102-7832-4463-A875-6E202EAF023E}.Release|Any CPU.Build.0 = Release|Any CPU
		{C112780C-E97E-40FC-86E3-E3F438600E73}.Debug|Any CPU.ActiveCfg = Debug|Any CPU
		{C112780C-E97E-40FC-86E3-E3F438600E73}.Debug|Any CPU.Build.0 = Debug|Any CPU
		{C112780C-E97E-40FC-86E3-E3F438600E73}.Release|Any CPU.ActiveCfg = Release|Any CPU
		{C112780C-E97E-40FC-86E3-E3F438600E73}.Release|Any CPU.Build.0 = Release|Any CPU
		{923B799E-4FAA-423F-9892-AE39C2E4C8F2}.Debug|Any CPU.ActiveCfg = Debug|Any CPU
		{923B799E-4FAA-423F-9892-AE39C2E4C8F2}.Debug|Any CPU.Build.0 = Debug|Any CPU
		{923B799E-4FAA-423F-9892-AE39C2E4C8F2}.Release|Any CPU.ActiveCfg = Release|Any CPU
		{923B799E-4FAA-423F-9892-AE39C2E4C8F2}.Release|Any CPU.Build.0 = Release|Any CPU
	EndGlobalSection
	GlobalSection(SolutionProperties) = preSolution
		HideSolutionNode = FALSE
	EndGlobalSection
	GlobalSection(ExtensibilityGlobals) = postSolution
		SolutionGuid = {13AB8C0A-AFDD-4B94-BB5C-3F9575FAC15E}
	EndGlobalSection
EndGlobal
